// !$*UTF8*$!
{
	archiveVersion = 1;
	classes = {
	};
	objectVersion = 77;
	objects = {

/* Begin PBXContainerItemProxy section */
		022DCDDB2CCFCF990010D910 /* PBXContainerItemProxy */ = {
			isa = PBXContainerItemProxy;
			containerPortal = 022DCDC22CCFCF970010D910 /* Project object */;
			proxyType = 1;
			remoteGlobalIDString = 022DCDC92CCFCF970010D910;
			remoteInfo = DrillBit;
		};
		022DCDE52CCFCF990010D910 /* PBXContainerItemProxy */ = {
			isa = PBXContainerItemProxy;
			containerPortal = 022DCDC22CCFCF970010D910 /* Project object */;
			proxyType = 1;
			remoteGlobalIDString = 022DCDC92CCFCF970010D910;
			remoteInfo = DrillBit;
		};
/* End PBXContainerItemProxy section */

/* Begin PBXFileReference section */
		022DCDCA2CCFCF970010D910 /* DrillBit.app */ = {isa = PBXFileReference; explicitFileType = wrapper.application; includeInIndex = 0; path = DrillBit.app; sourceTree = BUILT_PRODUCTS_DIR; };
		022DCDDA2CCFCF990010D910 /* DrillBitTests.xctest */ = {isa = PBXFileReference; explicitFileType = wrapper.cfbundle; includeInIndex = 0; path = DrillBitTests.xctest; sourceTree = BUILT_PRODUCTS_DIR; };
		022DCDE42CCFCF990010D910 /* DrillBitUITests.xctest */ = {isa = PBXFileReference; explicitFileType = wrapper.cfbundle; includeInIndex = 0; path = DrillBitUITests.xctest; sourceTree = BUILT_PRODUCTS_DIR; };
/* End PBXFileReference section */

/* Begin PBXFileSystemSynchronizedRootGroup section */
		022DCDCC2CCFCF970010D910 /* DrillBit */ = {
			isa = PBXFileSystemSynchronizedRootGroup;
			path = DrillBit;
			sourceTree = "<group>";
		};
		022DCDDD2CCFCF990010D910 /* DrillBitTests */ = {
			isa = PBXFileSystemSynchronizedRootGroup;
			path = DrillBitTests;
			sourceTree = "<group>";
		};
		022DCDE72CCFCF990010D910 /* DrillBitUITests */ = {
			isa = PBXFileSystemSynchronizedRootGroup;
			path = DrillBitUITests;
			sourceTree = "<group>";
		};
/* End PBXFileSystemSynchronizedRootGroup section */

/* Begin PBXFrameworksBuildPhase section */
		022DCDC72CCFCF970010D910 /* Frameworks */ = {
			isa = PBXFrameworksBuildPhase;
			buildActionMask = 2147483647;
			files = (
			);
			runOnlyForDeploymentPostprocessing = 0;
		};
		022DCDD72CCFCF990010D910 /* Frameworks */ = {
			isa = PBXFrameworksBuildPhase;
			buildActionMask = 2147483647;
			files = (
			);
			runOnlyForDeploymentPostprocessing = 0;
		};
		022DCDE12CCFCF990010D910 /* Frameworks */ = {
			isa = PBXFrameworksBuildPhase;
			buildActionMask = 2147483647;
			files = (
			);
			runOnlyForDeploymentPostprocessing = 0;
		};
/* End PBXFrameworksBuildPhase section */

/* Begin PBXGroup section */
		022DCDC12CCFCF970010D910 = {
			isa = PBXGroup;
			children = (
				022DCDCC2CCFCF970010D910 /* DrillBit */,
				022DCDDD2CCFCF990010D910 /* DrillBitTests */,
				022DCDE72CCFCF990010D910 /* DrillBitUITests */,
				022DCDCB2CCFCF970010D910 /* Products */,
			);
			sourceTree = "<group>";
		};
		022DCDCB2CCFCF970010D910 /* Products */ = {
			isa = PBXGroup;
			children = (
				022DCDCA2CCFCF970010D910 /* DrillBit.app */,
				022DCDDA2CCFCF990010D910 /* DrillBitTests.xctest */,
				022DCDE42CCFCF990010D910 /* DrillBitUITests.xctest */,
			);
			name = Products;
			sourceTree = "<group>";
		};
/* End PBXGroup section */

/* Begin PBXNativeTarget section */
		022DCDC92CCFCF970010D910 /* DrillBit */ = {
			isa = PBXNativeTarget;
			buildConfigurationList = 022DCDEE2CCFCF990010D910 /* Build configuration list for PBXNativeTarget "DrillBit" */;
			buildPhases = (
				022DCDC62CCFCF970010D910 /* Sources */,
				022DCDC72CCFCF970010D910 /* Frameworks */,
				022DCDC82CCFCF970010D910 /* Resources */,
			);
			buildRules = (
			);
			dependencies = (
			);
			fileSystemSynchronizedGroups = (
				022DCDCC2CCFCF970010D910 /* DrillBit */,
			);
			name = DrillBit;
			packageProductDependencies = (
			);
			productName = DrillBit;
			productReference = 022DCDCA2CCFCF970010D910 /* DrillBit.app */;
			productType = "com.apple.product-type.application";
		};
		022DCDD92CCFCF990010D910 /* DrillBitTests */ = {
			isa = PBXNativeTarget;
			buildConfigurationList = 022DCDF12CCFCF990010D910 /* Build configuration list for PBXNativeTarget "DrillBitTests" */;
			buildPhases = (
				022DCDD62CCFCF990010D910 /* Sources */,
				022DCDD72CCFCF990010D910 /* Frameworks */,
				022DCDD82CCFCF990010D910 /* Resources */,
			);
			buildRules = (
			);
			dependencies = (
				022DCDDC2CCFCF990010D910 /* PBXTargetDependency */,
			);
			fileSystemSynchronizedGroups = (
				022DCDDD2CCFCF990010D910 /* DrillBitTests */,
			);
			name = DrillBitTests;
			packageProductDependencies = (
			);
			productName = DrillBitTests;
			productReference = 022DCDDA2CCFCF990010D910 /* DrillBitTests.xctest */;
			productType = "com.apple.product-type.bundle.unit-test";
		};
		022DCDE32CCFCF990010D910 /* DrillBitUITests */ = {
			isa = PBXNativeTarget;
			buildConfigurationList = 022DCDF42CCFCF990010D910 /* Build configuration list for PBXNativeTarget "DrillBitUITests" */;
			buildPhases = (
				022DCDE02CCFCF990010D910 /* Sources */,
				022DCDE12CCFCF990010D910 /* Frameworks */,
				022DCDE22CCFCF990010D910 /* Resources */,
			);
			buildRules = (
			);
			dependencies = (
				022DCDE62CCFCF990010D910 /* PBXTargetDependency */,
			);
			fileSystemSynchronizedGroups = (
				022DCDE72CCFCF990010D910 /* DrillBitUITests */,
			);
			name = DrillBitUITests;
			packageProductDependencies = (
			);
			productName = DrillBitUITests;
			productReference = 022DCDE42CCFCF990010D910 /* DrillBitUITests.xctest */;
			productType = "com.apple.product-type.bundle.ui-testing";
		};
/* End PBXNativeTarget section */

/* Begin PBXProject section */
		022DCDC22CCFCF970010D910 /* Project object */ = {
			isa = PBXProject;
			attributes = {
				BuildIndependentTargetsInParallel = 1;
				LastSwiftUpdateCheck = 1600;
				LastUpgradeCheck = 1600;
				TargetAttributes = {
					022DCDC92CCFCF970010D910 = {
						CreatedOnToolsVersion = 16.0;
					};
					022DCDD92CCFCF990010D910 = {
						CreatedOnToolsVersion = 16.0;
						TestTargetID = 022DCDC92CCFCF970010D910;
					};
					022DCDE32CCFCF990010D910 = {
						CreatedOnToolsVersion = 16.0;
						TestTargetID = 022DCDC92CCFCF970010D910;
					};
				};
			};
			buildConfigurationList = 022DCDC52CCFCF970010D910 /* Build configuration list for PBXProject "DrillBit" */;
			developmentRegion = en;
			hasScannedForEncodings = 0;
			knownRegions = (
				en,
				Base,
			);
			mainGroup = 022DCDC12CCFCF970010D910;
			minimizedProjectReferenceProxies = 1;
			preferredProjectObjectVersion = 77;
			productRefGroup = 022DCDCB2CCFCF970010D910 /* Products */;
			projectDirPath = "";
			projectRoot = "";
			targets = (
				022DCDC92CCFCF970010D910 /* DrillBit */,
				022DCDD92CCFCF990010D910 /* DrillBitTests */,
				022DCDE32CCFCF990010D910 /* DrillBitUITests */,
			);
		};
/* End PBXProject section */

/* Begin PBXResourcesBuildPhase section */
		022DCDC82CCFCF970010D910 /* Resources */ = {
			isa = PBXResourcesBuildPhase;
			buildActionMask = 2147483647;
			files = (
			);
			runOnlyForDeploymentPostprocessing = 0;
		};
		022DCDD82CCFCF990010D910 /* Resources */ = {
			isa = PBXResourcesBuildPhase;
			buildActionMask = 2147483647;
			files = (
			);
			runOnlyForDeploymentPostprocessing = 0;
		};
		022DCDE22CCFCF990010D910 /* Resources */ = {
			isa = PBXResourcesBuildPhase;
			buildActionMask = 2147483647;
			files = (
			);
			runOnlyForDeploymentPostprocessing = 0;
		};
/* End PBXResourcesBuildPhase section */

/* Begin PBXSourcesBuildPhase section */
		022DCDC62CCFCF970010D910 /* Sources */ = {
			isa = PBXSourcesBuildPhase;
			buildActionMask = 2147483647;
			files = (
			);
			runOnlyForDeploymentPostprocessing = 0;
		};
		022DCDD62CCFCF990010D910 /* Sources */ = {
			isa = PBXSourcesBuildPhase;
			buildActionMask = 2147483647;
			files = (
			);
			runOnlyForDeploymentPostprocessing = 0;
		};
		022DCDE02CCFCF990010D910 /* Sources */ = {
			isa = PBXSourcesBuildPhase;
			buildActionMask = 2147483647;
			files = (
			);
			runOnlyForDeploymentPostprocessing = 0;
		};
/* End PBXSourcesBuildPhase section */

/* Begin PBXTargetDependency section */
		022DCDDC2CCFCF990010D910 /* PBXTargetDependency */ = {
			isa = PBXTargetDependency;
			target = 022DCDC92CCFCF970010D910 /* DrillBit */;
			targetProxy = 022DCDDB2CCFCF990010D910 /* PBXContainerItemProxy */;
		};
		022DCDE62CCFCF990010D910 /* PBXTargetDependency */ = {
			isa = PBXTargetDependency;
			target = 022DCDC92CCFCF970010D910 /* DrillBit */;
			targetProxy = 022DCDE52CCFCF990010D910 /* PBXContainerItemProxy */;
		};
/* End PBXTargetDependency section */

/* Begin XCBuildConfiguration section */
		022DCDEC2CCFCF990010D910 /* Debug */ = {
			isa = XCBuildConfiguration;
			buildSettings = {
				ALWAYS_SEARCH_USER_PATHS = NO;
				ASSETCATALOG_COMPILER_GENERATE_SWIFT_ASSET_SYMBOL_EXTENSIONS = YES;
				CLANG_ANALYZER_NONNULL = YES;
				CLANG_ANALYZER_NUMBER_OBJECT_CONVERSION = YES_AGGRESSIVE;
				CLANG_CXX_LANGUAGE_STANDARD = "gnu++20";
				CLANG_ENABLE_MODULES = YES;
				CLANG_ENABLE_OBJC_ARC = YES;
				CLANG_ENABLE_OBJC_WEAK = YES;
				CLANG_WARN_BLOCK_CAPTURE_AUTORELEASING = YES;
				CLANG_WARN_BOOL_CONVERSION = YES;
				CLANG_WARN_COMMA = YES;
				CLANG_WARN_CONSTANT_CONVERSION = YES;
				CLANG_WARN_DEPRECATED_OBJC_IMPLEMENTATIONS = YES;
				CLANG_WARN_DIRECT_OBJC_ISA_USAGE = YES_ERROR;
				CLANG_WARN_DOCUMENTATION_COMMENTS = YES;
				CLANG_WARN_EMPTY_BODY = YES;
				CLANG_WARN_ENUM_CONVERSION = YES;
				CLANG_WARN_INFINITE_RECURSION = YES;
				CLANG_WARN_INT_CONVERSION = YES;
				CLANG_WARN_NON_LITERAL_NULL_CONVERSION = YES;
				CLANG_WARN_OBJC_IMPLICIT_RETAIN_SELF = YES;
				CLANG_WARN_OBJC_LITERAL_CONVERSION = YES;
				CLANG_WARN_OBJC_ROOT_CLASS = YES_ERROR;
				CLANG_WARN_QUOTED_INCLUDE_IN_FRAMEWORK_HEADER = YES;
				CLANG_WARN_RANGE_LOOP_ANALYSIS = YES;
				CLANG_WARN_STRICT_PROTOTYPES = YES;
				CLANG_WARN_SUSPICIOUS_MOVE = YES;
				CLANG_WARN_UNGUARDED_AVAILABILITY = YES_AGGRESSIVE;
				CLANG_WARN_UNREACHABLE_CODE = YES;
				CLANG_WARN__DUPLICATE_METHOD_MATCH = YES;
				COPY_PHASE_STRIP = NO;
				DEBUG_INFORMATION_FORMAT = dwarf;
				ENABLE_STRICT_OBJC_MSGSEND = YES;
				ENABLE_TESTABILITY = YES;
				ENABLE_USER_SCRIPT_SANDBOXING = YES;
				GCC_C_LANGUAGE_STANDARD = gnu17;
				GCC_DYNAMIC_NO_PIC = NO;
				GCC_NO_COMMON_BLOCKS = YES;
				GCC_OPTIMIZATION_LEVEL = 0;
				GCC_PREPROCESSOR_DEFINITIONS = (
					"DEBUG=1",
					"$(inherited)",
				);
				GCC_WARN_64_TO_32_BIT_CONVERSION = YES;
				GCC_WARN_ABOUT_RETURN_TYPE = YES_ERROR;
				GCC_WARN_UNDECLARED_SELECTOR = YES;
				GCC_WARN_UNINITIALIZED_AUTOS = YES_AGGRESSIVE;
				GCC_WARN_UNUSED_FUNCTION = YES;
				GCC_WARN_UNUSED_VARIABLE = YES;
				IPHONEOS_DEPLOYMENT_TARGET = 18.0;
				LOCALIZATION_PREFERS_STRING_CATALOGS = YES;
				MTL_ENABLE_DEBUG_INFO = INCLUDE_SOURCE;
				MTL_FAST_MATH = YES;
				ONLY_ACTIVE_ARCH = YES;
				SDKROOT = iphoneos;
				SWIFT_ACTIVE_COMPILATION_CONDITIONS = "DEBUG $(inherited)";
				SWIFT_OPTIMIZATION_LEVEL = "-Onone";
			};
			name = Debug;
		};
		022DCDED2CCFCF990010D910 /* Release */ = {
			isa = XCBuildConfiguration;
			buildSettings = {
				ALWAYS_SEARCH_USER_PATHS = NO;
				ASSETCATALOG_COMPILER_GENERATE_SWIFT_ASSET_SYMBOL_EXTENSIONS = YES;
				CLANG_ANALYZER_NONNULL = YES;
				CLANG_ANALYZER_NUMBER_OBJECT_CONVERSION = YES_AGGRESSIVE;
				CLANG_CXX_LANGUAGE_STANDARD = "gnu++20";
				CLANG_ENABLE_MODULES = YES;
				CLANG_ENABLE_OBJC_ARC = YES;
				CLANG_ENABLE_OBJC_WEAK = YES;
				CLANG_WARN_BLOCK_CAPTURE_AUTORELEASING = YES;
				CLANG_WARN_BOOL_CONVERSION = YES;
				CLANG_WARN_COMMA = YES;
				CLANG_WARN_CONSTANT_CONVERSION = YES;
				CLANG_WARN_DEPRECATED_OBJC_IMPLEMENTATIONS = YES;
				CLANG_WARN_DIRECT_OBJC_ISA_USAGE = YES_ERROR;
				CLANG_WARN_DOCUMENTATION_COMMENTS = YES;
				CLANG_WARN_EMPTY_BODY = YES;
				CLANG_WARN_ENUM_CONVERSION = YES;
				CLANG_WARN_INFINITE_RECURSION = YES;
				CLANG_WARN_INT_CONVERSION = YES;
				CLANG_WARN_NON_LITERAL_NULL_CONVERSION = YES;
				CLANG_WARN_OBJC_IMPLICIT_RETAIN_SELF = YES;
				CLANG_WARN_OBJC_LITERAL_CONVERSION = YES;
				CLANG_WARN_OBJC_ROOT_CLASS = YES_ERROR;
				CLANG_WARN_QUOTED_INCLUDE_IN_FRAMEWORK_HEADER = YES;
				CLANG_WARN_RANGE_LOOP_ANALYSIS = YES;
				CLANG_WARN_STRICT_PROTOTYPES = YES;
				CLANG_WARN_SUSPICIOUS_MOVE = YES;
				CLANG_WARN_UNGUARDED_AVAILABILITY = YES_AGGRESSIVE;
				CLANG_WARN_UNREACHABLE_CODE = YES;
				CLANG_WARN__DUPLICATE_METHOD_MATCH = YES;
				COPY_PHASE_STRIP = NO;
				DEBUG_INFORMATION_FORMAT = "dwarf-with-dsym";
				ENABLE_NS_ASSERTIONS = NO;
				ENABLE_STRICT_OBJC_MSGSEND = YES;
				ENABLE_USER_SCRIPT_SANDBOXING = YES;
				GCC_C_LANGUAGE_STANDARD = gnu17;
				GCC_NO_COMMON_BLOCKS = YES;
				GCC_WARN_64_TO_32_BIT_CONVERSION = YES;
				GCC_WARN_ABOUT_RETURN_TYPE = YES_ERROR;
				GCC_WARN_UNDECLARED_SELECTOR = YES;
				GCC_WARN_UNINITIALIZED_AUTOS = YES_AGGRESSIVE;
				GCC_WARN_UNUSED_FUNCTION = YES;
				GCC_WARN_UNUSED_VARIABLE = YES;
				IPHONEOS_DEPLOYMENT_TARGET = 18.0;
				LOCALIZATION_PREFERS_STRING_CATALOGS = YES;
				MTL_ENABLE_DEBUG_INFO = NO;
				MTL_FAST_MATH = YES;
				SDKROOT = iphoneos;
				SWIFT_COMPILATION_MODE = wholemodule;
				VALIDATE_PRODUCT = YES;
			};
			name = Release;
		};
		022DCDEF2CCFCF990010D910 /* Debug */ = {
			isa = XCBuildConfiguration;
			buildSettings = {
				ASSETCATALOG_COMPILER_APPICON_NAME = AppIcon;
				ASSETCATALOG_COMPILER_GLOBAL_ACCENT_COLOR_NAME = AccentColor;
				CODE_SIGN_STYLE = Automatic;
				CURRENT_PROJECT_VERSION = 1;
				DEVELOPMENT_ASSET_PATHS = "\"DrillBit/Preview Content\"";
				DEVELOPMENT_TEAM = MSAG5KPFBE;
				ENABLE_PREVIEWS = YES;
				GENERATE_INFOPLIST_FILE = YES;
				INFOPLIST_KEY_UIApplicationSceneManifest_Generation = YES;
				INFOPLIST_KEY_UIApplicationSupportsIndirectInputEvents = YES;
				INFOPLIST_KEY_UILaunchScreen_Generation = YES;
				INFOPLIST_KEY_UISupportedInterfaceOrientations_iPad = "UIInterfaceOrientationPortrait UIInterfaceOrientationPortraitUpsideDown UIInterfaceOrientationLandscapeLeft UIInterfaceOrientationLandscapeRight";
				INFOPLIST_KEY_UISupportedInterfaceOrientations_iPhone = "UIInterfaceOrientationPortrait UIInterfaceOrientationLandscapeLeft UIInterfaceOrientationLandscapeRight";
				LD_RUNPATH_SEARCH_PATHS = (
					"$(inherited)",
					"@executable_path/Frameworks",
				);
				MARKETING_VERSION = 1.0;
				PRODUCT_BUNDLE_IDENTIFIER = apple.com.DrillBit;
				PRODUCT_NAME = "$(TARGET_NAME)";
				SWIFT_EMIT_LOC_STRINGS = YES;
				SWIFT_VERSION = 5.0;
				TARGETED_DEVICE_FAMILY = "1,2";
			};
			name = Debug;
		};
		022DCDF02CCFCF990010D910 /* Release */ = {
			isa = XCBuildConfiguration;
			buildSettings = {
				ASSETCATALOG_COMPILER_APPICON_NAME = AppIcon;
				ASSETCATALOG_COMPILER_GLOBAL_ACCENT_COLOR_NAME = AccentColor;
				CODE_SIGN_STYLE = Automatic;
				CURRENT_PROJECT_VERSION = 1;
				DEVELOPMENT_ASSET_PATHS = "\"DrillBit/Preview Content\"";
				DEVELOPMENT_TEAM = MSAG5KPFBE;
				ENABLE_PREVIEWS = YES;
				GENERATE_INFOPLIST_FILE = YES;
				INFOPLIST_KEY_UIApplicationSceneManifest_Generation = YES;
				INFOPLIST_KEY_UIApplicationSupportsIndirectInputEvents = YES;
				INFOPLIST_KEY_UILaunchScreen_Generation = YES;
				INFOPLIST_KEY_UISupportedInterfaceOrientations_iPad = "UIInterfaceOrientationPortrait UIInterfaceOrientationPortraitUpsideDown UIInterfaceOrientationLandscapeLeft UIInterfaceOrientationLandscapeRight";
				INFOPLIST_KEY_UISupportedInterfaceOrientations_iPhone = "UIInterfaceOrientationPortrait UIInterfaceOrientationLandscapeLeft UIInterfaceOrientationLandscapeRight";
				LD_RUNPATH_SEARCH_PATHS = (
					"$(inherited)",
					"@executable_path/Frameworks",
				);
				MARKETING_VERSION = 1.0;
				PRODUCT_BUNDLE_IDENTIFIER = apple.com.DrillBit;
				PRODUCT_NAME = "$(TARGET_NAME)";
				SWIFT_EMIT_LOC_STRINGS = YES;
				SWIFT_VERSION = 5.0;
				TARGETED_DEVICE_FAMILY = "1,2";
			};
			name = Release;
		};
		022DCDF22CCFCF990010D910 /* Debug */ = {
			isa = XCBuildConfiguration;
			buildSettings = {
				BUNDLE_LOADER = "$(TEST_HOST)";
				CODE_SIGN_STYLE = Automatic;
				CURRENT_PROJECT_VERSION = 1;
				GENERATE_INFOPLIST_FILE = YES;
				IPHONEOS_DEPLOYMENT_TARGET = 18.0;
				MARKETING_VERSION = 1.0;
				PRODUCT_BUNDLE_IDENTIFIER = apple.com.DrillBitTests;
				PRODUCT_NAME = "$(TARGET_NAME)";
				SWIFT_EMIT_LOC_STRINGS = NO;
				SWIFT_VERSION = 5.0;
				TARGETED_DEVICE_FAMILY = "1,2";
				TEST_HOST = "$(BUILT_PRODUCTS_DIR)/DrillBit.app/$(BUNDLE_EXECUTABLE_FOLDER_PATH)/DrillBit";
			};
			name = Debug;
		};
		022DCDF32CCFCF990010D910 /* Release */ = {
			isa = XCBuildConfiguration;
			buildSettings = {
				BUNDLE_LOADER = "$(TEST_HOST)";
				CODE_SIGN_STYLE = Automatic;
				CURRENT_PROJECT_VERSION = 1;
				GENERATE_INFOPLIST_FILE = YES;
				IPHONEOS_DEPLOYMENT_TARGET = 18.0;
				MARKETING_VERSION = 1.0;
				PRODUCT_BUNDLE_IDENTIFIER = apple.com.DrillBitTests;
				PRODUCT_NAME = "$(TARGET_NAME)";
				SWIFT_EMIT_LOC_STRINGS = NO;
				SWIFT_VERSION = 5.0;
				TARGETED_DEVICE_FAMILY = "1,2";
				TEST_HOST = "$(BUILT_PRODUCTS_DIR)/DrillBit.app/$(BUNDLE_EXECUTABLE_FOLDER_PATH)/DrillBit";
			};
			name = Release;
		};
		022DCDF52CCFCF990010D910 /* Debug */ = {
			isa = XCBuildConfiguration;
			buildSettings = {
				CODE_SIGN_STYLE = Automatic;
				CURRENT_PROJECT_VERSION = 1;
				GENERATE_INFOPLIST_FILE = YES;
				MARKETING_VERSION = 1.0;
				PRODUCT_BUNDLE_IDENTIFIER = apple.com.DrillBitUITests;
				PRODUCT_NAME = "$(TARGET_NAME)";
				SWIFT_EMIT_LOC_STRINGS = NO;
				SWIFT_VERSION = 5.0;
				TARGETED_DEVICE_FAMILY = "1,2";
				TEST_TARGET_NAME = DrillBit;
			};
			name = Debug;
		};
		022DCDF62CCFCF990010D910 /* Release */ = {
			isa = XCBuildConfiguration;
			buildSettings = {
				CODE_SIGN_STYLE = Automatic;
				CURRENT_PROJECT_VERSION = 1;
				GENERATE_INFOPLIST_FILE = YES;
				MARKETING_VERSION = 1.0;
				PRODUCT_BUNDLE_IDENTIFIER = apple.com.DrillBitUITests;
				PRODUCT_NAME = "$(TARGET_NAME)";
				SWIFT_EMIT_LOC_STRINGS = NO;
				SWIFT_VERSION = 5.0;
				TARGETED_DEVICE_FAMILY = "1,2";
				TEST_TARGET_NAME = DrillBit;
			};
			name = Release;
		};
/* End XCBuildConfiguration section */

/* Begin XCConfigurationList section */
		022DCDC52CCFCF970010D910 /* Build configuration list for PBXProject "DrillBit" */ = {
			isa = XCConfigurationList;
			buildConfigurations = (
				022DCDEC2CCFCF990010D910 /* Debug */,
				022DCDED2CCFCF990010D910 /* Release */,
			);
			defaultConfigurationIsVisible = 0;
			defaultConfigurationName = Release;
		};
		022DCDEE2CCFCF990010D910 /* Build configuration list for PBXNativeTarget "DrillBit" */ = {
			isa = XCConfigurationList;
			buildConfigurations = (
				022DCDEF2CCFCF990010D910 /* Debug */,
				022DCDF02CCFCF990010D910 /* Release */,
			);
			defaultConfigurationIsVisible = 0;
			defaultConfigurationName = Release;
		};
		022DCDF12CCFCF990010D910 /* Build configuration list for PBXNativeTarget "DrillBitTests" */ = {
			isa = XCConfigurationList;
			buildConfigurations = (
				022DCDF22CCFCF990010D910 /* Debug */,
				022DCDF32CCFCF990010D910 /* Release */,
			);
			defaultConfigurationIsVisible = 0;
			defaultConfigurationName = Release;
		};
		022DCDF42CCFCF990010D910 /* Build configuration list for PBXNativeTarget "DrillBitUITests" */ = {
			isa = XCConfigurationList;
			buildConfigurations = (
				022DCDF52CCFCF990010D910 /* Debug */,
				022DCDF62CCFCF990010D910 /* Release */,
			);
			defaultConfigurationIsVisible = 0;
			defaultConfigurationName = Release;
		};
/* End XCConfigurationList section */
	};
	rootObject = 022DCDC22CCFCF970010D910 /* Project object */;
}
